
Microsoft Visual Studio Solution File, Format Version 12.00
# Visual Studio Version 17
VisualStudioVersion = 17.3.32929.385
MinimumVisualStudioVersion = 10.0.40219.1
Project("{FAE04EC0-301F-11D3-BF4B-00C04F79EFBC}") = "Lab23", "Lab23\Lab23.csproj", "{19288266-972F-4BFF-915C-E75CC882AE24}"
EndProject
Global
	GlobalSection(SolutionConfigurationPlatforms) = preSolution
		Debug|Any CPU = Debug|Any CPU
		Release|Any CPU = Release|Any CPU
	EndGlobalSection
	GlobalSection(ProjectConfigurationPlatforms) = postSolution
		{19288266-972F-4BFF-915C-E75CC882AE24}.Debug|Any CPU.ActiveCfg = Debug|Any CPU
		{19288266-972F-4BFF-915C-E75CC882AE24}.Debug|Any CPU.Build.0 = Debug|Any CPU
		{19288266-972F-4BFF-915C-E75CC882AE24}.Release|Any CPU.ActiveCfg = Release|Any CPU
		{19288266-972F-4BFF-915C-E75CC882AE24}.Release|Any CPU.Build.0 = Release|Any CPU
	EndGlobalSection
	GlobalSection(SolutionProperties) = preSolution
		HideSolutionNode = FALSE
	EndGlobalSection
	GlobalSection(ExtensibilityGlobals) = postSolution
		SolutionGuid = {246581E1-F902-4C03-83BB-ADE3F4D48BFB}
	EndGlobalSection
EndGlobal
